github.com/google/go-cmp v0.6.0 h1:ofyhxvXcZhMsU5ulbFiLKl/XBFqE1GSq7atu8tAmTRI=
github.com/google/go-cmp v0.6.0/go.mod h1:17dUlkBOakJ0+DkrSSNjCkIjxS6bF9zb3elmeNGIjoY=
github.com/goplus/gogen v1.17.1 h1:dx1KoggI3jK0ti4GyQAJMPAib81BP2uePA8xQ9dMJlU=
github.com/goplus/gogen v1.17.1/go.mod h1:owX2e1EyU5WD+Nm6oH2m/GXjLdlBYcwkLO4wN8HHXZI=
github.com/goplus/gogen v1.17.2-0.20250416004850-922a179a64d5 h1:/+Nnu2ieRVWOkB9T8gNKM9t1o3dzI1O2WAwUDs60mvE=
github.com/goplus/gogen v1.17.2-0.20250416004850-922a179a64d5/go.mod h1:owX2e1EyU5WD+Nm6oH2m/GXjLdlBYcwkLO4wN8HHXZI=
github.com/goplus/llgo v0.10.0 h1:s3U3cnO3cploF1xCCJleAb16NQFAmHxdUmdrNhRH3hY=
github.com/goplus/llgo v0.10.0/go.mod h1:YfOHsT/g3lc9b4GclLj812YzdSsJr0kd3CCB830TqHE=
github.com/goplus/llpkg/cjson v1.0.0 h1:yPKe1E976qfimxh0m+IWEZwEtJn91zMMKBYZFQwfZy0=
github.com/goplus/llpkg/cjson v1.0.0/go.mod h1:NxW/zhLMO1phlim2DxyoV3VJ5Nb+nAlUAx4WrdCPUgs=
github.com/goplus/mod v0.13.12 h1:Trwk6j3i9VvBuW6/9ZxmkoFlEL2v3HKQu0Na1c6DAdw=
github.com/goplus/mod v0.13.12/go.mod h1:fyCcoiL02uUQK9CWxGK9pQzuJT+rZIvRKaaG+hSa2bk=
github.com/qiniu/x v1.13.10 h1:J4Z3XugYzAq85SlyAfqlKVrbf05glMbAOh+QncsDQpE=
github.com/qiniu/x v1.13.10/go.mod h1:INZ2TSWSJVWO/RuELQROERcslBwVgFG7MkTfEdaQz9E=
golang.org/x/mod v0.23.0 h1:Zb7khfcRGKk+kqfxFaP5tZqCnDZMjC5VtUBs87Hr6QM=
golang.org/x/mod v0.23.0/go.mod h1:6SkKJ3Xj0I0BrPOZoBy3bdMptDDU9oJrpohJ3eWZ1fY=
