github.com/goplus/llcppg v0.5.0 h1:IP4KUDOVw/JrkNvmCKbm9Kcv1lRIwPqeudSnt+nPC3g=
github.com/goplus/llcppg v0.5.0/go.mod h1:hC3O+B4dw6yQqjn+LpBC7Pw9eTPaDW+wXEfeAOyTqRo=
github.com/goplus/llpkgstore v0.0.0-20250514100530-dd449df83ebf h1:l/RnlMqN7Fv7jlhHC6iqbjlUZ+NXZjcr4e987S6cqlE=
github.com/goplus/llpkgstore v0.0.0-20250514100530-dd449df83ebf/go.mod h1:4VvozCteCpzqcoFbHW0dOcCjk3A7scMD9gCxjFggTkc=
