github.com/goplus/llgo v0.9.9-0.20241217064315-b4af70ada9f0 h1:+W0c6OtIrheLj+Y5vd3oYL4NzKUzuijHJ4MZ2jhgQiQ=
github.com/goplus/llgo v0.9.9-0.20241217064315-b4af70ada9f0/go.mod h1:1phqPJEgr/uw59PRz/NB7s54OoP+NGjC6pz0HovT5JY=
github.com/goplus/llpkg/cjson v0.0.0-20241208025249-9c7f3355a1b7 h1:lpslXHSAG/HPhC6smliGhnP2Ecnl3oJojXrQROzgsyc=
github.com/goplus/llpkg/cjson v0.0.0-20241208025249-9c7f3355a1b7/go.mod h1:13ZCMXl/GwlkercQTNN0FSjsnuZfMoGfe5DVWQqJCEM=
